
Microsoft Visual Studio Solution File, Format Version 12.00
# Visual Studio Version 17
VisualStudioVersion = 17.0.31903.59
MinimumVisualStudioVersion = 10.0.40219.1
Project("{FAE04EC0-301F-11D3-BF4B-00C04F79EFBC}") = "webapi", "webapi\webapi.csproj", "{56B8C4A3-D1F6-45B8-BF5B-D1DB7251CC5C}"
EndProject
Project("{FAE04EC0-301F-11D3-BF4B-00C04F79EFBC}") = "Domain", "Domain\Domain.csproj", "{8CC0A255-BA1D-47C4-BA09-5AEF5E3E03C4}"
EndProject
Project("{FAE04EC0-301F-11D3-BF4B-00C04F79EFBC}") = "Infrastructure", "Infrastructure\Infrastructure.csproj", "{0A30C269-147E-40DB-8986-E92A6DC75211}"
EndProject
Global
	GlobalSection(SolutionConfigurationPlatforms) = preSolution
		Debug|Any CPU = Debug|Any CPU
		Release|Any CPU = Release|Any CPU
	EndGlobalSection
	GlobalSection(SolutionProperties) = preSolution
		HideSolutionNode = FALSE
	EndGlobalSection
	GlobalSection(ProjectConfigurationPlatforms) = postSolution
		{56B8C4A3-D1F6-45B8-BF5B-D1DB7251CC5C}.Debug|Any CPU.ActiveCfg = Debug|Any CPU
		{56B8C4A3-D1F6-45B8-BF5B-D1DB7251CC5C}.Debug|Any CPU.Build.0 = Debug|Any CPU
		{56B8C4A3-D1F6-45B8-BF5B-D1DB7251CC5C}.Release|Any CPU.ActiveCfg = Release|Any CPU
		{56B8C4A3-D1F6-45B8-BF5B-D1DB7251CC5C}.Release|Any CPU.Build.0 = Release|Any CPU
		{8CC0A255-BA1D-47C4-BA09-5AEF5E3E03C4}.Debug|Any CPU.ActiveCfg = Debug|Any CPU
		{8CC0A255-BA1D-47C4-BA09-5AEF5E3E03C4}.Debug|Any CPU.Build.0 = Debug|Any CPU
		{8CC0A255-BA1D-47C4-BA09-5AEF5E3E03C4}.Release|Any CPU.ActiveCfg = Release|Any CPU
		{8CC0A255-BA1D-47C4-BA09-5AEF5E3E03C4}.Release|Any CPU.Build.0 = Release|Any CPU
		{0A30C269-147E-40DB-8986-E92A6DC75211}.Debug|Any CPU.ActiveCfg = Debug|Any CPU
		{0A30C269-147E-40DB-8986-E92A6DC75211}.Debug|Any CPU.Build.0 = Debug|Any CPU
		{0A30C269-147E-40DB-8986-E92A6DC75211}.Release|Any CPU.ActiveCfg = Release|Any CPU
		{0A30C269-147E-40DB-8986-E92A6DC75211}.Release|Any CPU.Build.0 = Release|Any CPU
	EndGlobalSection
EndGlobal
